Microsoft Visual Studio Solution File, Format Version 12.00
# Visual Studio Version 17
VisualStudioVersion = 17.5.2.0
MinimumVisualStudioVersion = 10.0.40219.1
Project("{FAE04EC0-301F-11D3-BF4B-00C04F79EFBC}") = "semana2", "Semana2\semana2.csproj", "{BC981F2C-69CC-CC1F-5925-39F316468026}"
EndProject
Global
	GlobalSection(SolutionConfigurationPlatforms) = preSolution
		Debug|Any CPU = Debug|Any CPU
		Release|Any CPU = Release|Any CPU
	EndGlobalSection
	GlobalSection(ProjectConfigurationPlatforms) = postSolution
		{BC981F2C-69CC-CC1F-5925-39F316468026}.Debug|Any CPU.ActiveCfg = Debug|Any CPU
		{BC981F2C-69CC-CC1F-5925-39F316468026}.Debug|Any CPU.Build.0 = Debug|Any CPU
		{BC981F2C-69CC-CC1F-5925-39F316468026}.Release|Any CPU.ActiveCfg = Release|Any CPU
		{BC981F2C-69CC-CC1F-5925-39F316468026}.Release|Any CPU.Build.0 = Release|Any CPU
	EndGlobalSection
	GlobalSection(SolutionProperties) = preSolution
		HideSolutionNode = FALSE
	EndGlobalSection
	GlobalSection(ExtensibilityGlobals) = postSolution
		SolutionGuid = {FAA94683-D523-45B3-B0DF-F45CCC60FA17}
	EndGlobalSection
EndGlobal
