Microsoft Visual Studio Solution File, Format Version 12.00
# Visual Studio Version 17
VisualStudioVersion = 17.5.2.0
MinimumVisualStudioVersion = 10.0.40219.1
Project("{FAE04EC0-301F-11D3-BF4B-00C04F79EFBC}") = "semana2", "semana2.csproj", "{CA2E94BD-0779-AC72-2BB9-DC8C184C2FE7}"
EndProject
Global
	GlobalSection(SolutionConfigurationPlatforms) = preSolution
		Debug|Any CPU = Debug|Any CPU
		Release|Any CPU = Release|Any CPU
	EndGlobalSection
	GlobalSection(ProjectConfigurationPlatforms) = postSolution
		{CA2E94BD-0779-AC72-2BB9-DC8C184C2FE7}.Debug|Any CPU.ActiveCfg = Debug|Any CPU
		{CA2E94BD-0779-AC72-2BB9-DC8C184C2FE7}.Debug|Any CPU.Build.0 = Debug|Any CPU
		{CA2E94BD-0779-AC72-2BB9-DC8C184C2FE7}.Release|Any CPU.ActiveCfg = Release|Any CPU
		{CA2E94BD-0779-AC72-2BB9-DC8C184C2FE7}.Release|Any CPU.Build.0 = Release|Any CPU
	EndGlobalSection
	GlobalSection(SolutionProperties) = preSolution
		HideSolutionNode = FALSE
	EndGlobalSection
	GlobalSection(ExtensibilityGlobals) = postSolution
		SolutionGuid = {5325A2AB-FA41-4E2B-827C-3F57D1461992}
	EndGlobalSection
EndGlobal
